
Microsoft Visual Studio Solution File, Format Version 12.00
# Visual Studio Version 16
VisualStudioVersion = 16.0.810.25
MinimumVisualStudioVersion = 10.0.40219.1
Project("{FAE04EC0-301F-11D3-BF4B-00C04F79EFBC}") = "FileFormat.Words.Examples", "FileFormat.Words.Examples\FileFormat.Words.Examples.csproj", "{3FE4B0FC-2A4E-4118-8A67-A401FE57DFEE}"
EndProject
Project("{FAE04EC0-301F-11D3-BF4B-00C04F79EFBC}") = "FileFormat.Words.Examples.Usage", "FileFormat.Words.Examples.Usage\FileFormat.Words.Examples.Usage.csproj", "{9BBA2614-BFD1-46EE-86E9-0BF3AD90ED73}"
EndProject
Global
	GlobalSection(SolutionConfigurationPlatforms) = preSolution
		Debug|Any CPU = Debug|Any CPU
		Release|Any CPU = Release|Any CPU
	EndGlobalSection
	GlobalSection(ProjectConfigurationPlatforms) = postSolution
		{3FE4B0FC-2A4E-4118-8A67-A401FE57DFEE}.Debug|Any CPU.ActiveCfg = Debug|Any CPU
		{3FE4B0FC-2A4E-4118-8A67-A401FE57DFEE}.Debug|Any CPU.Build.0 = Debug|Any CPU
		{3FE4B0FC-2A4E-4118-8A67-A401FE57DFEE}.Release|Any CPU.ActiveCfg = Release|Any CPU
		{3FE4B0FC-2A4E-4118-8A67-A401FE57DFEE}.Release|Any CPU.Build.0 = Release|Any CPU
		{9BBA2614-BFD1-46EE-86E9-0BF3AD90ED73}.Debug|Any CPU.ActiveCfg = Debug|Any CPU
		{9BBA2614-BFD1-46EE-86E9-0BF3AD90ED73}.Debug|Any CPU.Build.0 = Debug|Any CPU
		{9BBA2614-BFD1-46EE-86E9-0BF3AD90ED73}.Release|Any CPU.ActiveCfg = Release|Any CPU
		{9BBA2614-BFD1-46EE-86E9-0BF3AD90ED73}.Release|Any CPU.Build.0 = Release|Any CPU
	EndGlobalSection
	GlobalSection(SolutionProperties) = preSolution
		HideSolutionNode = FALSE
	EndGlobalSection
	GlobalSection(ExtensibilityGlobals) = postSolution
		SolutionGuid = {21AD9255-D9DD-4C19-B1B6-8F777B680288}
	EndGlobalSection
EndGlobal
